// !$*UTF8*$!
{
	archiveVersion = 1;
	classes = {
	};
	objectVersion = 55;
	objects = {

/* Begin PBXBuildFile section */
		D0B6C3592883D50B00F08E1E /* funcStudyAdvancedApp.swift in Sources */ = {isa = PBXBuildFile; fileRef = D0B6C3582883D50B00F08E1E /* funcStudyAdvancedApp.swift */; };
		D0B6C35B2883D50B00F08E1E /* ContentView.swift in Sources */ = {isa = PBXBuildFile; fileRef = D0B6C35A2883D50B00F08E1E /* ContentView.swift */; };
		D0B6C35D2883D50D00F08E1E /* Assets.xcassets in Resources */ = {isa = PBXBuildFile; fileRef = D0B6C35C2883D50D00F08E1E /* Assets.xcassets */; };
		D0B6C3602883D50D00F08E1E /* Preview Assets.xcassets in Resources */ = {isa = PBXBuildFile; fileRef = D0B6C35F2883D50D00F08E1E /* Preview Assets.xcassets */; };
		D0B6C36B2883D50D00F08E1E /* funcStudyAdvancedTests.swift in Sources */ = {isa = PBXBuildFile; fileRef = D0B6C36A2883D50D00F08E1E /* funcStudyAdvancedTests.swift */; };
		D0B6C3752883D50D00F08E1E /* funcStudyAdvancedUITests.swift in Sources */ = {isa = PBXBuildFile; fileRef = D0B6C3742883D50D00F08E1E /* funcStudyAdvancedUITests.swift */; };
		D0B6C3772883D50D00F08E1E /* funcStudyAdvancedUITestsLaunchTests.swift in Sources */ = {isa = PBXBuildFile; fileRef = D0B6C3762883D50D00F08E1E /* funcStudyAdvancedUITestsLaunchTests.swift */; };
/* End PBXBuildFile section */

/* Begin PBXContainerItemProxy section */
		D0B6C3672883D50D00F08E1E /* PBXContainerItemProxy */ = {
			isa = PBXContainerItemProxy;
			containerPortal = D0B6C34D2883D50B00F08E1E /* Project object */;
			proxyType = 1;
			remoteGlobalIDString = D0B6C3542883D50B00F08E1E;
			remoteInfo = funcStudyAdvanced;
		};
		D0B6C3712883D50D00F08E1E /* PBXContainerItemProxy */ = {
			isa = PBXContainerItemProxy;
			containerPortal = D0B6C34D2883D50B00F08E1E /* Project object */;
			proxyType = 1;
			remoteGlobalIDString = D0B6C3542883D50B00F08E1E;
			remoteInfo = funcStudyAdvanced;
		};
/* End PBXContainerItemProxy section */

/* Begin PBXFileReference section */
		D0B6C3552883D50B00F08E1E /* funcStudyAdvanced.app */ = {isa = PBXFileReference; explicitFileType = wrapper.application; includeInIndex = 0; path = funcStudyAdvanced.app; sourceTree = BUILT_PRODUCTS_DIR; };
		D0B6C3582883D50B00F08E1E /* funcStudyAdvancedApp.swift */ = {isa = PBXFileReference; lastKnownFileType = sourcecode.swift; path = funcStudyAdvancedApp.swift; sourceTree = "<group>"; };
		D0B6C35A2883D50B00F08E1E /* ContentView.swift */ = {isa = PBXFileReference; lastKnownFileType = sourcecode.swift; path = ContentView.swift; sourceTree = "<group>"; };
		D0B6C35C2883D50D00F08E1E /* Assets.xcassets */ = {isa = PBXFileReference; lastKnownFileType = folder.assetcatalog; path = Assets.xcassets; sourceTree = "<group>"; };
		D0B6C35F2883D50D00F08E1E /* Preview Assets.xcassets */ = {isa = PBXFileReference; lastKnownFileType = folder.assetcatalog; path = "Preview Assets.xcassets"; sourceTree = "<group>"; };
		D0B6C3612883D50D00F08E1E /* funcStudyAdvanced.entitlements */ = {isa = PBXFileReference; lastKnownFileType = text.plist.entitlements; path = funcStudyAdvanced.entitlements; sourceTree = "<group>"; };
		D0B6C3662883D50D00F08E1E /* funcStudyAdvancedTests.xctest */ = {isa = PBXFileReference; explicitFileType = wrapper.cfbundle; includeInIndex = 0; path = funcStudyAdvancedTests.xctest; sourceTree = BUILT_PRODUCTS_DIR; };
		D0B6C36A2883D50D00F08E1E /* funcStudyAdvancedTests.swift */ = {isa = PBXFileReference; lastKnownFileType = sourcecode.swift; path = funcStudyAdvancedTests.swift; sourceTree = "<group>"; };
		D0B6C3702883D50D00F08E1E /* funcStudyAdvancedUITests.xctest */ = {isa = PBXFileReference; explicitFileType = wrapper.cfbundle; includeInIndex = 0; path = funcStudyAdvancedUITests.xctest; sourceTree = BUILT_PRODUCTS_DIR; };
		D0B6C3742883D50D00F08E1E /* funcStudyAdvancedUITests.swift */ = {isa = PBXFileReference; lastKnownFileType = sourcecode.swift; path = funcStudyAdvancedUITests.swift; sourceTree = "<group>"; };
		D0B6C3762883D50D00F08E1E /* funcStudyAdvancedUITestsLaunchTests.swift */ = {isa = PBXFileReference; lastKnownFileType = sourcecode.swift; path = funcStudyAdvancedUITestsLaunchTests.swift; sourceTree = "<group>"; };
/* End PBXFileReference section */

/* Begin PBXFrameworksBuildPhase section */
		D0B6C3522883D50B00F08E1E /* Frameworks */ = {
			isa = PBXFrameworksBuildPhase;
			buildActionMask = 2147483647;
			files = (
			);
			runOnlyForDeploymentPostprocessing = 0;
		};
		D0B6C3632883D50D00F08E1E /* Frameworks */ = {
			isa = PBXFrameworksBuildPhase;
			buildActionMask = 2147483647;
			files = (
			);
			runOnlyForDeploymentPostprocessing = 0;
		};
		D0B6C36D2883D50D00F08E1E /* Frameworks */ = {
			isa = PBXFrameworksBuildPhase;
			buildActionMask = 2147483647;
			files = (
			);
			runOnlyForDeploymentPostprocessing = 0;
		};
/* End PBXFrameworksBuildPhase section */

/* Begin PBXGroup section */
		D0B6C34C2883D50B00F08E1E = {
			isa = PBXGroup;
			children = (
				D0B6C3572883D50B00F08E1E /* funcStudyAdvanced */,
				D0B6C3692883D50D00F08E1E /* funcStudyAdvancedTests */,
				D0B6C3732883D50D00F08E1E /* funcStudyAdvancedUITests */,
				D0B6C3562883D50B00F08E1E /* Products */,
			);
			sourceTree = "<group>";
		};
		D0B6C3562883D50B00F08E1E /* Products */ = {
			isa = PBXGroup;
			children = (
				D0B6C3552883D50B00F08E1E /* funcStudyAdvanced.app */,
				D0B6C3662883D50D00F08E1E /* funcStudyAdvancedTests.xctest */,
				D0B6C3702883D50D00F08E1E /* funcStudyAdvancedUITests.xctest */,
			);
			name = Products;
			sourceTree = "<group>";
		};
		D0B6C3572883D50B00F08E1E /* funcStudyAdvanced */ = {
			isa = PBXGroup;
			children = (
				D0B6C3582883D50B00F08E1E /* funcStudyAdvancedApp.swift */,
				D0B6C35A2883D50B00F08E1E /* ContentView.swift */,
				D0B6C35C2883D50D00F08E1E /* Assets.xcassets */,
				D0B6C3612883D50D00F08E1E /* funcStudyAdvanced.entitlements */,
				D0B6C35E2883D50D00F08E1E /* Preview Content */,
			);
			path = funcStudyAdvanced;
			sourceTree = "<group>";
		};
		D0B6C35E2883D50D00F08E1E /* Preview Content */ = {
			isa = PBXGroup;
			children = (
				D0B6C35F2883D50D00F08E1E /* Preview Assets.xcassets */,
			);
			path = "Preview Content";
			sourceTree = "<group>";
		};
		D0B6C3692883D50D00F08E1E /* funcStudyAdvancedTests */ = {
			isa = PBXGroup;
			children = (
				D0B6C36A2883D50D00F08E1E /* funcStudyAdvancedTests.swift */,
			);
			path = funcStudyAdvancedTests;
			sourceTree = "<group>";
		};
		D0B6C3732883D50D00F08E1E /* funcStudyAdvancedUITests */ = {
			isa = PBXGroup;
			children = (
				D0B6C3742883D50D00F08E1E /* funcStudyAdvancedUITests.swift */,
				D0B6C3762883D50D00F08E1E /* funcStudyAdvancedUITestsLaunchTests.swift */,
			);
			path = funcStudyAdvancedUITests;
			sourceTree = "<group>";
		};
/* End PBXGroup section */

/* Begin PBXNativeTarget section */
		D0B6C3542883D50B00F08E1E /* funcStudyAdvanced */ = {
			isa = PBXNativeTarget;
			buildConfigurationList = D0B6C37A2883D50D00F08E1E /* Build configuration list for PBXNativeTarget "funcStudyAdvanced" */;
			buildPhases = (
				D0B6C3512883D50B00F08E1E /* Sources */,
				D0B6C3522883D50B00F08E1E /* Frameworks */,
				D0B6C3532883D50B00F08E1E /* Resources */,
			);
			buildRules = (
			);
			dependencies = (
			);
			name = funcStudyAdvanced;
			productName = funcStudyAdvanced;
			productReference = D0B6C3552883D50B00F08E1E /* funcStudyAdvanced.app */;
			productType = "com.apple.product-type.application";
		};
		D0B6C3652883D50D00F08E1E /* funcStudyAdvancedTests */ = {
			isa = PBXNativeTarget;
			buildConfigurationList = D0B6C37D2883D50D00F08E1E /* Build configuration list for PBXNativeTarget "funcStudyAdvancedTests" */;
			buildPhases = (
				D0B6C3622883D50D00F08E1E /* Sources */,
				D0B6C3632883D50D00F08E1E /* Frameworks */,
				D0B6C3642883D50D00F08E1E /* Resources */,
			);
			buildRules = (
			);
			dependencies = (
				D0B6C3682883D50D00F08E1E /* PBXTargetDependency */,
			);
			name = funcStudyAdvancedTests;
			productName = funcStudyAdvancedTests;
			productReference = D0B6C3662883D50D00F08E1E /* funcStudyAdvancedTests.xctest */;
			productType = "com.apple.product-type.bundle.unit-test";
		};
		D0B6C36F2883D50D00F08E1E /* funcStudyAdvancedUITests */ = {
			isa = PBXNativeTarget;
			buildConfigurationList = D0B6C3802883D50D00F08E1E /* Build configuration list for PBXNativeTarget "funcStudyAdvancedUITests" */;
			buildPhases = (
				D0B6C36C2883D50D00F08E1E /* Sources */,
				D0B6C36D2883D50D00F08E1E /* Frameworks */,
				D0B6C36E2883D50D00F08E1E /* Resources */,
			);
			buildRules = (
			);
			dependencies = (
				D0B6C3722883D50D00F08E1E /* PBXTargetDependency */,
			);
			name = funcStudyAdvancedUITests;
			productName = funcStudyAdvancedUITests;
			productReference = D0B6C3702883D50D00F08E1E /* funcStudyAdvancedUITests.xctest */;
			productType = "com.apple.product-type.bundle.ui-testing";
		};
/* End PBXNativeTarget section */

/* Begin PBXProject section */
		D0B6C34D2883D50B00F08E1E /* Project object */ = {
			isa = PBXProject;
			attributes = {
				BuildIndependentTargetsInParallel = 1;
				LastSwiftUpdateCheck = 1340;
				LastUpgradeCheck = 1340;
				TargetAttributes = {
					D0B6C3542883D50B00F08E1E = {
						CreatedOnToolsVersion = 13.4.1;
					};
					D0B6C3652883D50D00F08E1E = {
						CreatedOnToolsVersion = 13.4.1;
						TestTargetID = D0B6C3542883D50B00F08E1E;
					};
					D0B6C36F2883D50D00F08E1E = {
						CreatedOnToolsVersion = 13.4.1;
						TestTargetID = D0B6C3542883D50B00F08E1E;
					};
				};
			};
			buildConfigurationList = D0B6C3502883D50B00F08E1E /* Build configuration list for PBXProject "funcStudyAdvanced" */;
			compatibilityVersion = "Xcode 13.0";
			developmentRegion = en;
			hasScannedForEncodings = 0;
			knownRegions = (
				en,
				Base,
			);
			mainGroup = D0B6C34C2883D50B00F08E1E;
			productRefGroup = D0B6C3562883D50B00F08E1E /* Products */;
			projectDirPath = "";
			projectRoot = "";
			targets = (
				D0B6C3542883D50B00F08E1E /* funcStudyAdvanced */,
				D0B6C3652883D50D00F08E1E /* funcStudyAdvancedTests */,
				D0B6C36F2883D50D00F08E1E /* funcStudyAdvancedUITests */,
			);
		};
/* End PBXProject section */

/* Begin PBXResourcesBuildPhase section */
		D0B6C3532883D50B00F08E1E /* Resources */ = {
			isa = PBXResourcesBuildPhase;
			buildActionMask = 2147483647;
			files = (
				D0B6C3602883D50D00F08E1E /* Preview Assets.xcassets in Resources */,
				D0B6C35D2883D50D00F08E1E /* Assets.xcassets in Resources */,
			);
			runOnlyForDeploymentPostprocessing = 0;
		};
		D0B6C3642883D50D00F08E1E /* Resources */ = {
			isa = PBXResourcesBuildPhase;
			buildActionMask = 2147483647;
			files = (
			);
			runOnlyForDeploymentPostprocessing = 0;
		};
		D0B6C36E2883D50D00F08E1E /* Resources */ = {
			isa = PBXResourcesBuildPhase;
			buildActionMask = 2147483647;
			files = (
			);
			runOnlyForDeploymentPostprocessing = 0;
		};
/* End PBXResourcesBuildPhase section */

/* Begin PBXSourcesBuildPhase section */
		D0B6C3512883D50B00F08E1E /* Sources */ = {
			isa = PBXSourcesBuildPhase;
			buildActionMask = 2147483647;
			files = (
				D0B6C35B2883D50B00F08E1E /* ContentView.swift in Sources */,
				D0B6C3592883D50B00F08E1E /* funcStudyAdvancedApp.swift in Sources */,
			);
			runOnlyForDeploymentPostprocessing = 0;
		};
		D0B6C3622883D50D00F08E1E /* Sources */ = {
			isa = PBXSourcesBuildPhase;
			buildActionMask = 2147483647;
			files = (
				D0B6C36B2883D50D00F08E1E /* funcStudyAdvancedTests.swift in Sources */,
			);
			runOnlyForDeploymentPostprocessing = 0;
		};
		D0B6C36C2883D50D00F08E1E /* Sources */ = {
			isa = PBXSourcesBuildPhase;
			buildActionMask = 2147483647;
			files = (
				D0B6C3772883D50D00F08E1E /* funcStudyAdvancedUITestsLaunchTests.swift in Sources */,
				D0B6C3752883D50D00F08E1E /* funcStudyAdvancedUITests.swift in Sources */,
			);
			runOnlyForDeploymentPostprocessing = 0;
		};
/* End PBXSourcesBuildPhase section */

/* Begin PBXTargetDependency section */
		D0B6C3682883D50D00F08E1E /* PBXTargetDependency */ = {
			isa = PBXTargetDependency;
			target = D0B6C3542883D50B00F08E1E /* funcStudyAdvanced */;
			targetProxy = D0B6C3672883D50D00F08E1E /* PBXContainerItemProxy */;
		};
		D0B6C3722883D50D00F08E1E /* PBXTargetDependency */ = {
			isa = PBXTargetDependency;
			target = D0B6C3542883D50B00F08E1E /* funcStudyAdvanced */;
			targetProxy = D0B6C3712883D50D00F08E1E /* PBXContainerItemProxy */;
		};
/* End PBXTargetDependency section */

/* Begin XCBuildConfiguration section */
		D0B6C3782883D50D00F08E1E /* Debug */ = {
			isa = XCBuildConfiguration;
			buildSettings = {
				ALWAYS_SEARCH_USER_PATHS = NO;
				CLANG_ANALYZER_NONNULL = YES;
				CLANG_ANALYZER_NUMBER_OBJECT_CONVERSION = YES_AGGRESSIVE;
				CLANG_CXX_LANGUAGE_STANDARD = "gnu++17";
				CLANG_ENABLE_MODULES = YES;
				CLANG_ENABLE_OBJC_ARC = YES;
				CLANG_ENABLE_OBJC_WEAK = YES;
				CLANG_WARN_BLOCK_CAPTURE_AUTORELEASING = YES;
				CLANG_WARN_BOOL_CONVERSION = YES;
				CLANG_WARN_COMMA = YES;
				CLANG_WARN_CONSTANT_CONVERSION = YES;
				CLANG_WARN_DEPRECATED_OBJC_IMPLEMENTATIONS = YES;
				CLANG_WARN_DIRECT_OBJC_ISA_USAGE = YES_ERROR;
				CLANG_WARN_DOCUMENTATION_COMMENTS = YES;
				CLANG_WARN_EMPTY_BODY = YES;
				CLANG_WARN_ENUM_CONVERSION = YES;
				CLANG_WARN_INFINITE_RECURSION = YES;
				CLANG_WARN_INT_CONVERSION = YES;
				CLANG_WARN_NON_LITERAL_NULL_CONVERSION = YES;
				CLANG_WARN_OBJC_IMPLICIT_RETAIN_SELF = YES;
				CLANG_WARN_OBJC_LITERAL_CONVERSION = YES;
				CLANG_WARN_OBJC_ROOT_CLASS = YES_ERROR;
				CLANG_WARN_QUOTED_INCLUDE_IN_FRAMEWORK_HEADER = YES;
				CLANG_WARN_RANGE_LOOP_ANALYSIS = YES;
				CLANG_WARN_STRICT_PROTOTYPES = YES;
				CLANG_WARN_SUSPICIOUS_MOVE = YES;
				CLANG_WARN_UNGUARDED_AVAILABILITY = YES_AGGRESSIVE;
				CLANG_WARN_UNREACHABLE_CODE = YES;
				CLANG_WARN__DUPLICATE_METHOD_MATCH = YES;
				COPY_PHASE_STRIP = NO;
				DEBUG_INFORMATION_FORMAT = dwarf;
				ENABLE_STRICT_OBJC_MSGSEND = YES;
				ENABLE_TESTABILITY = YES;
				GCC_C_LANGUAGE_STANDARD = gnu11;
				GCC_DYNAMIC_NO_PIC = NO;
				GCC_NO_COMMON_BLOCKS = YES;
				GCC_OPTIMIZATION_LEVEL = 0;
				GCC_PREPROCESSOR_DEFINITIONS = (
					"DEBUG=1",
					"$(inherited)",
				);
				GCC_WARN_64_TO_32_BIT_CONVERSION = YES;
				GCC_WARN_ABOUT_RETURN_TYPE = YES_ERROR;
				GCC_WARN_UNDECLARED_SELECTOR = YES;
				GCC_WARN_UNINITIALIZED_AUTOS = YES_AGGRESSIVE;
				GCC_WARN_UNUSED_FUNCTION = YES;
				GCC_WARN_UNUSED_VARIABLE = YES;
				MACOSX_DEPLOYMENT_TARGET = 12.3;
				MTL_ENABLE_DEBUG_INFO = INCLUDE_SOURCE;
				MTL_FAST_MATH = YES;
				ONLY_ACTIVE_ARCH = YES;
				SDKROOT = macosx;
				SWIFT_ACTIVE_COMPILATION_CONDITIONS = DEBUG;
				SWIFT_OPTIMIZATION_LEVEL = "-Onone";
			};
			name = Debug;
		};
		D0B6C3792883D50D00F08E1E /* Release */ = {
			isa = XCBuildConfiguration;
			buildSettings = {
				ALWAYS_SEARCH_USER_PATHS = NO;
				CLANG_ANALYZER_NONNULL = YES;
				CLANG_ANALYZER_NUMBER_OBJECT_CONVERSION = YES_AGGRESSIVE;
				CLANG_CXX_LANGUAGE_STANDARD = "gnu++17";
				CLANG_ENABLE_MODULES = YES;
				CLANG_ENABLE_OBJC_ARC = YES;
				CLANG_ENABLE_OBJC_WEAK = YES;
				CLANG_WARN_BLOCK_CAPTURE_AUTORELEASING = YES;
				CLANG_WARN_BOOL_CONVERSION = YES;
				CLANG_WARN_COMMA = YES;
				CLANG_WARN_CONSTANT_CONVERSION = YES;
				CLANG_WARN_DEPRECATED_OBJC_IMPLEMENTATIONS = YES;
				CLANG_WARN_DIRECT_OBJC_ISA_USAGE = YES_ERROR;
				CLANG_WARN_DOCUMENTATION_COMMENTS = YES;
				CLANG_WARN_EMPTY_BODY = YES;
				CLANG_WARN_ENUM_CONVERSION = YES;
				CLANG_WARN_INFINITE_RECURSION = YES;
				CLANG_WARN_INT_CONVERSION = YES;
				CLANG_WARN_NON_LITERAL_NULL_CONVERSION = YES;
				CLANG_WARN_OBJC_IMPLICIT_RETAIN_SELF = YES;
				CLANG_WARN_OBJC_LITERAL_CONVERSION = YES;
				CLANG_WARN_OBJC_ROOT_CLASS = YES_ERROR;
				CLANG_WARN_QUOTED_INCLUDE_IN_FRAMEWORK_HEADER = YES;
				CLANG_WARN_RANGE_LOOP_ANALYSIS = YES;
				CLANG_WARN_STRICT_PROTOTYPES = YES;
				CLANG_WARN_SUSPICIOUS_MOVE = YES;
				CLANG_WARN_UNGUARDED_AVAILABILITY = YES_AGGRESSIVE;
				CLANG_WARN_UNREACHABLE_CODE = YES;
				CLANG_WARN__DUPLICATE_METHOD_MATCH = YES;
				COPY_PHASE_STRIP = NO;
				DEBUG_INFORMATION_FORMAT = "dwarf-with-dsym";
				ENABLE_NS_ASSERTIONS = NO;
				ENABLE_STRICT_OBJC_MSGSEND = YES;
				GCC_C_LANGUAGE_STANDARD = gnu11;
				GCC_NO_COMMON_BLOCKS = YES;
				GCC_WARN_64_TO_32_BIT_CONVERSION = YES;
				GCC_WARN_ABOUT_RETURN_TYPE = YES_ERROR;
				GCC_WARN_UNDECLARED_SELECTOR = YES;
				GCC_WARN_UNINITIALIZED_AUTOS = YES_AGGRESSIVE;
				GCC_WARN_UNUSED_FUNCTION = YES;
				GCC_WARN_UNUSED_VARIABLE = YES;
				MACOSX_DEPLOYMENT_TARGET = 12.3;
				MTL_ENABLE_DEBUG_INFO = NO;
				MTL_FAST_MATH = YES;
				SDKROOT = macosx;
				SWIFT_COMPILATION_MODE = wholemodule;
				SWIFT_OPTIMIZATION_LEVEL = "-O";
			};
			name = Release;
		};
		D0B6C37B2883D50D00F08E1E /* Debug */ = {
			isa = XCBuildConfiguration;
			buildSettings = {
				ASSETCATALOG_COMPILER_APPICON_NAME = AppIcon;
				ASSETCATALOG_COMPILER_GLOBAL_ACCENT_COLOR_NAME = AccentColor;
				CODE_SIGN_ENTITLEMENTS = funcStudyAdvanced/funcStudyAdvanced.entitlements;
				CODE_SIGN_STYLE = Automatic;
				COMBINE_HIDPI_IMAGES = YES;
				CURRENT_PROJECT_VERSION = 1;
				DEVELOPMENT_ASSET_PATHS = "\"funcStudyAdvanced/Preview Content\"";
				ENABLE_PREVIEWS = YES;
				GENERATE_INFOPLIST_FILE = YES;
				INFOPLIST_KEY_NSHumanReadableCopyright = "";
				LD_RUNPATH_SEARCH_PATHS = (
					"$(inherited)",
					"@executable_path/../Frameworks",
				);
				MARKETING_VERSION = 1.0;
				PRODUCT_BUNDLE_IDENTIFIER = int.funcStudyAdvanced;
				PRODUCT_NAME = "$(TARGET_NAME)";
				SWIFT_EMIT_LOC_STRINGS = YES;
				SWIFT_VERSION = 5.0;
			};
			name = Debug;
		};
		D0B6C37C2883D50D00F08E1E /* Release */ = {
			isa = XCBuildConfiguration;
			buildSettings = {
				ASSETCATALOG_COMPILER_APPICON_NAME = AppIcon;
				ASSETCATALOG_COMPILER_GLOBAL_ACCENT_COLOR_NAME = AccentColor;
				CODE_SIGN_ENTITLEMENTS = funcStudyAdvanced/funcStudyAdvanced.entitlements;
				CODE_SIGN_STYLE = Automatic;
				COMBINE_HIDPI_IMAGES = YES;
				CURRENT_PROJECT_VERSION = 1;
				DEVELOPMENT_ASSET_PATHS = "\"funcStudyAdvanced/Preview Content\"";
				ENABLE_PREVIEWS = YES;
				GENERATE_INFOPLIST_FILE = YES;
				INFOPLIST_KEY_NSHumanReadableCopyright = "";
				LD_RUNPATH_SEARCH_PATHS = (
					"$(inherited)",
					"@executable_path/../Frameworks",
				);
				MARKETING_VERSION = 1.0;
				PRODUCT_BUNDLE_IDENTIFIER = int.funcStudyAdvanced;
				PRODUCT_NAME = "$(TARGET_NAME)";
				SWIFT_EMIT_LOC_STRINGS = YES;
				SWIFT_VERSION = 5.0;
			};
			name = Release;
		};
		D0B6C37E2883D50D00F08E1E /* Debug */ = {
			isa = XCBuildConfiguration;
			buildSettings = {
				ALWAYS_EMBED_SWIFT_STANDARD_LIBRARIES = YES;
				BUNDLE_LOADER = "$(TEST_HOST)";
				CODE_SIGN_STYLE = Automatic;
				CURRENT_PROJECT_VERSION = 1;
				GENERATE_INFOPLIST_FILE = YES;
				MACOSX_DEPLOYMENT_TARGET = 12.3;
				MARKETING_VERSION = 1.0;
				PRODUCT_BUNDLE_IDENTIFIER = int.funcStudyAdvancedTests;
				PRODUCT_NAME = "$(TARGET_NAME)";
				SWIFT_EMIT_LOC_STRINGS = NO;
				SWIFT_VERSION = 5.0;
				TEST_HOST = "$(BUILT_PRODUCTS_DIR)/funcStudyAdvanced.app/Contents/MacOS/funcStudyAdvanced";
			};
			name = Debug;
		};
		D0B6C37F2883D50D00F08E1E /* Release */ = {
			isa = XCBuildConfiguration;
			buildSettings = {
				ALWAYS_EMBED_SWIFT_STANDARD_LIBRARIES = YES;
				BUNDLE_LOADER = "$(TEST_HOST)";
				CODE_SIGN_STYLE = Automatic;
				CURRENT_PROJECT_VERSION = 1;
				GENERATE_INFOPLIST_FILE = YES;
				MACOSX_DEPLOYMENT_TARGET = 12.3;
				MARKETING_VERSION = 1.0;
				PRODUCT_BUNDLE_IDENTIFIER = int.funcStudyAdvancedTests;
				PRODUCT_NAME = "$(TARGET_NAME)";
				SWIFT_EMIT_LOC_STRINGS = NO;
				SWIFT_VERSION = 5.0;
				TEST_HOST = "$(BUILT_PRODUCTS_DIR)/funcStudyAdvanced.app/Contents/MacOS/funcStudyAdvanced";
			};
			name = Release;
		};
		D0B6C3812883D50D00F08E1E /* Debug */ = {
			isa = XCBuildConfiguration;
			buildSettings = {
				ALWAYS_EMBED_SWIFT_STANDARD_LIBRARIES = YES;
				CODE_SIGN_STYLE = Automatic;
				CURRENT_PROJECT_VERSION = 1;
				GENERATE_INFOPLIST_FILE = YES;
				MARKETING_VERSION = 1.0;
				PRODUCT_BUNDLE_IDENTIFIER = int.funcStudyAdvancedUITests;
				PRODUCT_NAME = "$(TARGET_NAME)";
				SWIFT_EMIT_LOC_STRINGS = NO;
				SWIFT_VERSION = 5.0;
				TEST_TARGET_NAME = funcStudyAdvanced;
			};
			name = Debug;
		};
		D0B6C3822883D50D00F08E1E /* Release */ = {
			isa = XCBuildConfiguration;
			buildSettings = {
				ALWAYS_EMBED_SWIFT_STANDARD_LIBRARIES = YES;
				CODE_SIGN_STYLE = Automatic;
				CURRENT_PROJECT_VERSION = 1;
				GENERATE_INFOPLIST_FILE = YES;
				MARKETING_VERSION = 1.0;
				PRODUCT_BUNDLE_IDENTIFIER = int.funcStudyAdvancedUITests;
				PRODUCT_NAME = "$(TARGET_NAME)";
				SWIFT_EMIT_LOC_STRINGS = NO;
				SWIFT_VERSION = 5.0;
				TEST_TARGET_NAME = funcStudyAdvanced;
			};
			name = Release;
		};
/* End XCBuildConfiguration section */

/* Begin XCConfigurationList section */
		D0B6C3502883D50B00F08E1E /* Build configuration list for PBXProject "funcStudyAdvanced" */ = {
			isa = XCConfigurationList;
			buildConfigurations = (
				D0B6C3782883D50D00F08E1E /* Debug */,
				D0B6C3792883D50D00F08E1E /* Release */,
			);
			defaultConfigurationIsVisible = 0;
			defaultConfigurationName = Release;
		};
		D0B6C37A2883D50D00F08E1E /* Build configuration list for PBXNativeTarget "funcStudyAdvanced" */ = {
			isa = XCConfigurationList;
			buildConfigurations = (
				D0B6C37B2883D50D00F08E1E /* Debug */,
				D0B6C37C2883D50D00F08E1E /* Release */,
			);
			defaultConfigurationIsVisible = 0;
			defaultConfigurationName = Release;
		};
		D0B6C37D2883D50D00F08E1E /* Build configuration list for PBXNativeTarget "funcStudyAdvancedTests" */ = {
			isa = XCConfigurationList;
			buildConfigurations = (
				D0B6C37E2883D50D00F08E1E /* Debug */,
				D0B6C37F2883D50D00F08E1E /* Release */,
			);
			defaultConfigurationIsVisible = 0;
			defaultConfigurationName = Release;
		};
		D0B6C3802883D50D00F08E1E /* Build configuration list for PBXNativeTarget "funcStudyAdvancedUITests" */ = {
			isa = XCConfigurationList;
			buildConfigurations = (
				D0B6C3812883D50D00F08E1E /* Debug */,
				D0B6C3822883D50D00F08E1E /* Release */,
			);
			defaultConfigurationIsVisible = 0;
			defaultConfigurationName = Release;
		};
/* End XCConfigurationList section */
	};
	rootObject = D0B6C34D2883D50B00F08E1E /* Project object */;
}
